
Microsoft Visual Studio Solution File, Format Version 12.00
# Visual Studio 2013
VisualStudioVersion = 12.0.31101.0
MinimumVisualStudioVersion = 10.0.40219.1
Project("{FAE04EC0-301F-11D3-BF4B-00C04F79EFBC}") = "JSONPatchWithServiceStack", "JSONPatchWithServiceStack\JSONPatchWithServiceStack.csproj", "{0A392F88-FBEF-4F45-9951-6DB68A84F1BF}"
EndProject
Project("{FAE04EC0-301F-11D3-BF4B-00C04F79EFBC}") = "JSONPatchWithServiceStack.Tests", "JSONPatchWithServiceStack.Tests\JSONPatchWithServiceStack.Tests.csproj", "{3BE94441-B90B-48AD-85E1-E672CE48AC91}"
EndProject
Project("{2150E333-8FDC-42A3-9474-1A3956D46DE8}") = ".nuget", ".nuget", "{284F4C8A-8898-4C3E-8557-E38DEDE7941D}"
	ProjectSection(SolutionItems) = preProject
		.nuget\packages.config = .nuget\packages.config
	EndProjectSection
EndProject
Global
	GlobalSection(SolutionConfigurationPlatforms) = preSolution
		Debug|Any CPU = Debug|Any CPU
		Release|Any CPU = Release|Any CPU
	EndGlobalSection
	GlobalSection(ProjectConfigurationPlatforms) = postSolution
		{0A392F88-FBEF-4F45-9951-6DB68A84F1BF}.Debug|Any CPU.ActiveCfg = Debug|Any CPU
		{0A392F88-FBEF-4F45-9951-6DB68A84F1BF}.Debug|Any CPU.Build.0 = Debug|Any CPU
		{0A392F88-FBEF-4F45-9951-6DB68A84F1BF}.Release|Any CPU.ActiveCfg = Release|Any CPU
		{0A392F88-FBEF-4F45-9951-6DB68A84F1BF}.Release|Any CPU.Build.0 = Release|Any CPU
		{3BE94441-B90B-48AD-85E1-E672CE48AC91}.Debug|Any CPU.ActiveCfg = Debug|Any CPU
		{3BE94441-B90B-48AD-85E1-E672CE48AC91}.Debug|Any CPU.Build.0 = Debug|Any CPU
		{3BE94441-B90B-48AD-85E1-E672CE48AC91}.Release|Any CPU.ActiveCfg = Release|Any CPU
		{3BE94441-B90B-48AD-85E1-E672CE48AC91}.Release|Any CPU.Build.0 = Release|Any CPU
	EndGlobalSection
	GlobalSection(SolutionProperties) = preSolution
		HideSolutionNode = FALSE
	EndGlobalSection
EndGlobal
